
Microsoft Visual Studio Solution File, Format Version 12.00
# Visual Studio 15
VisualStudioVersion = 15.0.27130.2036
MinimumVisualStudioVersion = 10.0.40219.1
Project("{8BC9CEB8-8B4A-11D0-8D11-00A0C91BC942}") = "OpenMpTest", "OpenMpTest\OpenMpTest.vcxproj", "{622638DF-6ED6-4AE4-AF48-CC07A54F8DEF}"
EndProject
Global
	GlobalSection(SolutionConfigurationPlatforms) = preSolution
		Debug|x64 = Debug|x64
		Debug|x86 = Debug|x86
		Release|x64 = Release|x64
		Release|x86 = Release|x86
	EndGlobalSection
	GlobalSection(ProjectConfigurationPlatforms) = postSolution
		{622638DF-6ED6-4AE4-AF48-CC07A54F8DEF}.Debug|x64.ActiveCfg = Debug|x64
		{622638DF-6ED6-4AE4-AF48-CC07A54F8DEF}.Debug|x64.Build.0 = Debug|x64
		{622638DF-6ED6-4AE4-AF48-CC07A54F8DEF}.Debug|x86.ActiveCfg = Debug|Win32
		{622638DF-6ED6-4AE4-AF48-CC07A54F8DEF}.Debug|x86.Build.0 = Debug|Win32
		{622638DF-6ED6-4AE4-AF48-CC07A54F8DEF}.Release|x64.ActiveCfg = Release|x64
		{622638DF-6ED6-4AE4-AF48-CC07A54F8DEF}.Release|x64.Build.0 = Release|x64
		{622638DF-6ED6-4AE4-AF48-CC07A54F8DEF}.Release|x86.ActiveCfg = Release|Win32
		{622638DF-6ED6-4AE4-AF48-CC07A54F8DEF}.Release|x86.Build.0 = Release|Win32
	EndGlobalSection
	GlobalSection(SolutionProperties) = preSolution
		HideSolutionNode = FALSE
	EndGlobalSection
	GlobalSection(ExtensibilityGlobals) = postSolution
		SolutionGuid = {3528B643-E7F8-4ECC-BC7E-FC96333FC6E2}
	EndGlobalSection
EndGlobal
